<?xml version="1.0" encoding="UTF-8" standalone="yes" ?>
<CodeBlocks_project_file>
	<FileVersion major="1" minor="6" />
	<Project>
		<Option title="Landscape Generator" />
		<Option pch_mode="2" />
		<Option compiler="gcc" />
		<Build>
			<Target title="Debug">
				<Option output="bin/Debug/Landscape Generator" prefix_auto="1" extension_auto="1" />
				<Option object_output="obj/Debug/" />
				<Option type="1" />
				<Option compiler="gcc" />
				<Compiler>
					<Add option="-g" />
				</Compiler>
			</Target>
			<Target title="Release">
				<Option output="bin/Release/Landscape Generator" prefix_auto="1" extension_auto="1" />
				<Option object_output="obj/Release/" />
				<Option type="1" />
				<Option compiler="gcc" />
				<Compiler>
					<Add option="-O2" />
				</Compiler>
				<Linker>
					<Add option="-s" />
				</Linker>
			</Target>
		</Build>
		<Compiler>
			<Add option="-Wall" />
			<Add option="-fexceptions" />
		</Compiler>
		<Unit filename="main.cpp" />
		<Unit filename="src/background/background.cpp" />
		<Unit filename="src/background/background.h" />
		<Unit filename="src/background/blackhole.cpp" />
		<Unit filename="src/background/blackhole.h" />
		<Unit filename="src/background/star.cpp" />
		<Unit filename="src/background/star.h" />
		<Unit filename="src/background/supernovae.cpp" />
		<Unit filename="src/background/supernovae.h" />
		<Unit filename="src/geometry/circle.cpp" />
		<Unit filename="src/geometry/circle.h" />
		<Unit filename="src/geometry/coords.cpp" />
		<Unit filename="src/geometry/coords.h" />
		<Unit filename="src/geometry/couleur.cpp" />
		<Unit filename="src/geometry/couleur.h" />
		<Unit filename="src/geometry/gradient.h" />
		<Unit filename="src/geometry/polygon.cpp" />
		<Unit filename="src/geometry/polygon.h" />
		<Unit filename="src/others/scene.cpp" />
		<Unit filename="src/others/scene.h" />
		<Unit filename="src/others/settings.h" />
		<Unit filename="src/others/styledessin.h" />
		<Unit filename="src/others/svgfile.cpp" />
		<Unit filename="src/others/svgfile.h" />
		<Unit filename="src/others/util.cpp" />
		<Unit filename="src/others/util.h" />
		<Unit filename="src/sky/flyingobject.cpp" />
		<Unit filename="src/sky/flyingobject.h" />
		<Unit filename="src/sky/reactor.cpp" />
		<Unit filename="src/sky/reactor.h" />
		<Unit filename="src/sky/sky.cpp" />
		<Unit filename="src/sky/sky.h" />
		<Unit filename="src/space/crater.cpp" />
		<Unit filename="src/space/crater.h" />
		<Unit filename="src/space/planet.cpp" />
		<Unit filename="src/space/planet.h" />
		<Unit filename="src/space/space.cpp" />
		<Unit filename="src/space/space.h" />
		<Unit filename="src/surface/mountain.cpp" />
		<Unit filename="src/surface/mountain.h" />
		<Unit filename="src/surface/surface.cpp" />
		<Unit filename="src/surface/surface.h" />
		<Unit filename="src/surface/tree.cpp" />
		<Unit filename="src/surface/tree.h" />
		<Extensions>
			<code_completion />
			<envvars />
			<debugger />
			<lib_finder disable_auto="1" />
		</Extensions>
	</Project>
</CodeBlocks_project_file>
